
Microsoft Visual Studio Solution File, Format Version 12.00
# Visual Studio Version 17
VisualStudioVersion = 17.2.32519.379
MinimumVisualStudioVersion = 10.0.40219.1
Project("{9A19103F-16F7-4668-BE54-9A1E7A4F7556}") = "01.RecursiveArraySum", "01.RecursiveArraySum\01.RecursiveArraySum.csproj", "{A1A11860-872C-4C9E-8D8D-2971F65519D4}"
EndProject
Project("{9A19103F-16F7-4668-BE54-9A1E7A4F7556}") = "02.RecursiveDrawing", "02.RecursiveDrawing\02.RecursiveDrawing.csproj", "{FBBA6EE6-302D-4BBD-A93A-C8349A1AB877}"
EndProject
Project("{9A19103F-16F7-4668-BE54-9A1E7A4F7556}") = "03.Generating01Vectors", "03.Generating01Vectors\03.Generating01Vectors.csproj", "{689F62F0-E2C9-41A3-8585-783D262AA58C}"
EndProject
Project("{9A19103F-16F7-4668-BE54-9A1E7A4F7556}") = "04.RecursiveFactorial", "04.RecursiveFactorial\04.RecursiveFactorial.csproj", "{10543924-65C1-45F7-8314-0A9683541F5B}"
EndProject
Project("{FAE04EC0-301F-11D3-BF4B-00C04F79EFBC}") = "05.PathsInLabyrinth", "05.PathsInLabyrinth\05.PathsInLabyrinth.csproj", "{C24EBF5A-5AB7-49E6-AFE1-34F0195AD524}"
EndProject
Global
	GlobalSection(SolutionConfigurationPlatforms) = preSolution
		Debug|Any CPU = Debug|Any CPU
		Release|Any CPU = Release|Any CPU
	EndGlobalSection
	GlobalSection(ProjectConfigurationPlatforms) = postSolution
		{A1A11860-872C-4C9E-8D8D-2971F65519D4}.Debug|Any CPU.ActiveCfg = Debug|Any CPU
		{A1A11860-872C-4C9E-8D8D-2971F65519D4}.Debug|Any CPU.Build.0 = Debug|Any CPU
		{A1A11860-872C-4C9E-8D8D-2971F65519D4}.Release|Any CPU.ActiveCfg = Release|Any CPU
		{A1A11860-872C-4C9E-8D8D-2971F65519D4}.Release|Any CPU.Build.0 = Release|Any CPU
		{FBBA6EE6-302D-4BBD-A93A-C8349A1AB877}.Debug|Any CPU.ActiveCfg = Debug|Any CPU
		{FBBA6EE6-302D-4BBD-A93A-C8349A1AB877}.Debug|Any CPU.Build.0 = Debug|Any CPU
		{FBBA6EE6-302D-4BBD-A93A-C8349A1AB877}.Release|Any CPU.ActiveCfg = Release|Any CPU
		{FBBA6EE6-302D-4BBD-A93A-C8349A1AB877}.Release|Any CPU.Build.0 = Release|Any CPU
		{689F62F0-E2C9-41A3-8585-783D262AA58C}.Debug|Any CPU.ActiveCfg = Debug|Any CPU
		{689F62F0-E2C9-41A3-8585-783D262AA58C}.Debug|Any CPU.Build.0 = Debug|Any CPU
		{689F62F0-E2C9-41A3-8585-783D262AA58C}.Release|Any CPU.ActiveCfg = Release|Any CPU
		{689F62F0-E2C9-41A3-8585-783D262AA58C}.Release|Any CPU.Build.0 = Release|Any CPU
		{10543924-65C1-45F7-8314-0A9683541F5B}.Debug|Any CPU.ActiveCfg = Debug|Any CPU
		{10543924-65C1-45F7-8314-0A9683541F5B}.Debug|Any CPU.Build.0 = Debug|Any CPU
		{10543924-65C1-45F7-8314-0A9683541F5B}.Release|Any CPU.ActiveCfg = Release|Any CPU
		{10543924-65C1-45F7-8314-0A9683541F5B}.Release|Any CPU.Build.0 = Release|Any CPU
		{C24EBF5A-5AB7-49E6-AFE1-34F0195AD524}.Debug|Any CPU.ActiveCfg = Debug|Any CPU
		{C24EBF5A-5AB7-49E6-AFE1-34F0195AD524}.Debug|Any CPU.Build.0 = Debug|Any CPU
		{C24EBF5A-5AB7-49E6-AFE1-34F0195AD524}.Release|Any CPU.ActiveCfg = Release|Any CPU
		{C24EBF5A-5AB7-49E6-AFE1-34F0195AD524}.Release|Any CPU.Build.0 = Release|Any CPU
	EndGlobalSection
	GlobalSection(SolutionProperties) = preSolution
		HideSolutionNode = FALSE
	EndGlobalSection
	GlobalSection(ExtensibilityGlobals) = postSolution
		SolutionGuid = {56853A94-A40E-420A-AC36-F9A464BB14D9}
	EndGlobalSection
EndGlobal
