
Microsoft Visual Studio Solution File, Format Version 12.00
# Visual Studio Version 16
VisualStudioVersion = 16.0.31729.503
MinimumVisualStudioVersion = 10.0.40219.1
Project("{9A19103F-16F7-4668-BE54-9A1E7A4F7556}") = "02.RecursiveDrawing", "02.RecursiveDrawing\02.RecursiveDrawing.csproj", "{44C1129F-E225-4A1A-95F3-662B603FFBA1}"
EndProject
Project("{FAE04EC0-301F-11D3-BF4B-00C04F79EFBC}") = "03.Generating01Vectors", "3.Generating01Vectors\03.Generating01Vectors.csproj", "{31074806-D735-4FCF-A066-F585FE6D9E93}"
EndProject
Project("{FAE04EC0-301F-11D3-BF4B-00C04F79EFBC}") = "04.RecursiveFactorial", "04.RecursiveFactorial\04.RecursiveFactorial.csproj", "{4E77EB47-7CBF-45CB-8777-DBD0998C4863}"
EndProject
Project("{FAE04EC0-301F-11D3-BF4B-00C04F79EFBC}") = "05.PathsInLabyrinth", "05.PathsInLabyrinth\05.PathsInLabyrinth.csproj", "{B036F22F-6A87-470A-AE9A-B34320FD1DC9}"
EndProject
Global
	GlobalSection(SolutionConfigurationPlatforms) = preSolution
		Debug|Any CPU = Debug|Any CPU
		Release|Any CPU = Release|Any CPU
	EndGlobalSection
	GlobalSection(ProjectConfigurationPlatforms) = postSolution
		{44C1129F-E225-4A1A-95F3-662B603FFBA1}.Debug|Any CPU.ActiveCfg = Debug|Any CPU
		{44C1129F-E225-4A1A-95F3-662B603FFBA1}.Debug|Any CPU.Build.0 = Debug|Any CPU
		{44C1129F-E225-4A1A-95F3-662B603FFBA1}.Release|Any CPU.ActiveCfg = Release|Any CPU
		{44C1129F-E225-4A1A-95F3-662B603FFBA1}.Release|Any CPU.Build.0 = Release|Any CPU
		{31074806-D735-4FCF-A066-F585FE6D9E93}.Debug|Any CPU.ActiveCfg = Debug|Any CPU
		{31074806-D735-4FCF-A066-F585FE6D9E93}.Debug|Any CPU.Build.0 = Debug|Any CPU
		{31074806-D735-4FCF-A066-F585FE6D9E93}.Release|Any CPU.ActiveCfg = Release|Any CPU
		{31074806-D735-4FCF-A066-F585FE6D9E93}.Release|Any CPU.Build.0 = Release|Any CPU
		{4E77EB47-7CBF-45CB-8777-DBD0998C4863}.Debug|Any CPU.ActiveCfg = Debug|Any CPU
		{4E77EB47-7CBF-45CB-8777-DBD0998C4863}.Debug|Any CPU.Build.0 = Debug|Any CPU
		{4E77EB47-7CBF-45CB-8777-DBD0998C4863}.Release|Any CPU.ActiveCfg = Release|Any CPU
		{4E77EB47-7CBF-45CB-8777-DBD0998C4863}.Release|Any CPU.Build.0 = Release|Any CPU
		{B036F22F-6A87-470A-AE9A-B34320FD1DC9}.Debug|Any CPU.ActiveCfg = Debug|Any CPU
		{B036F22F-6A87-470A-AE9A-B34320FD1DC9}.Debug|Any CPU.Build.0 = Debug|Any CPU
		{B036F22F-6A87-470A-AE9A-B34320FD1DC9}.Release|Any CPU.ActiveCfg = Release|Any CPU
		{B036F22F-6A87-470A-AE9A-B34320FD1DC9}.Release|Any CPU.Build.0 = Release|Any CPU
	EndGlobalSection
	GlobalSection(SolutionProperties) = preSolution
		HideSolutionNode = FALSE
	EndGlobalSection
	GlobalSection(ExtensibilityGlobals) = postSolution
		SolutionGuid = {96039DF2-8238-4555-B6F7-4AD8483F518D}
	EndGlobalSection
EndGlobal
